
Microsoft Visual Studio Solution File, Format Version 12.00
# Visual Studio Version 16
VisualStudioVersion = 16.0.30621.155
MinimumVisualStudioVersion = 10.0.40219.1
Project("{FAE04EC0-301F-11D3-BF4B-00C04F79EFBC}") = "MvcStokProjem", "MvcStokProjem.csproj", "{9FD713C1-B1F3-4A00-AB64-DC1EBD30918B}"
EndProject
Global
	GlobalSection(SolutionConfigurationPlatforms) = preSolution
		Debug|Any CPU = Debug|Any CPU
		Release|Any CPU = Release|Any CPU
	EndGlobalSection
	GlobalSection(ProjectConfigurationPlatforms) = postSolution
		{9FD713C1-B1F3-4A00-AB64-DC1EBD30918B}.Debug|Any CPU.ActiveCfg = Debug|Any CPU
		{9FD713C1-B1F3-4A00-AB64-DC1EBD30918B}.Debug|Any CPU.Build.0 = Debug|Any CPU
		{9FD713C1-B1F3-4A00-AB64-DC1EBD30918B}.Release|Any CPU.ActiveCfg = Release|Any CPU
		{9FD713C1-B1F3-4A00-AB64-DC1EBD30918B}.Release|Any CPU.Build.0 = Release|Any CPU
	EndGlobalSection
	GlobalSection(SolutionProperties) = preSolution
		HideSolutionNode = FALSE
	EndGlobalSection
	GlobalSection(ExtensibilityGlobals) = postSolution
		SolutionGuid = {FB78ED76-095B-409A-998F-34AEC6C71FE0}
	EndGlobalSection
EndGlobal
